# THIS IS AN AUTOGENERATED FILE. DO NOT EDIT THIS FILE DIRECTLY.
# yarn lockfile v1


"@types/retry@0.12.1":
  version "0.12.1"
  resolved "https://registry.yarnpkg.com/@types/retry/-/retry-0.12.1.tgz#d8f1c0d0dc23afad6dc16a9e993a0865774b4065"
  integrity sha512-xoDlM2S4ortawSWORYqsdU+2rxdh4LRW9ytc3zmT37RIKQh6IHyKwwtKhKis9ah8ol07DCkZxPt8BBvPjC6v4g==

p-retry@^5.1.2:
  version "5.1.2"
  resolved "https://registry.yarnpkg.com/p-retry/-/p-retry-5.1.2.tgz#c16eaee4f2016f9161d12da40d3b8b0f2e3c1b76"
  integrity sha512-couX95waDu98NfNZV+i/iLt+fdVxmI7CbrrdC2uDWfPdUAApyxT4wmDlyOtR5KtTDmkDO0zDScDjDou9YHhd9g==
  dependencies:
    "@types/retry" "0.12.1"
    retry "^0.13.1"

retry@^0.13.1:
  version "0.13.1"
  resolved "https://registry.yarnpkg.com/retry/-/retry-0.13.1.tgz#185b1587acf67919d63b357349e03537b2484658"
  integrity sha512-XQBQ3I8W1Cge0Seh+6gjj03LbmRFWuoszgK9ooCpwYIrhhoO80pfq4cUkU5DkknwfOfFteRwlZ56PYOGYyFWdg==
